
Microsoft Visual Studio Solution File, Format Version 12.00
# Visual Studio Version 17
VisualStudioVersion = 17.8.34227.203
MinimumVisualStudioVersion = 10.0.40219.1
Project("{2150E333-8FDC-42A3-9474-1A3956D46DE8}") = "src", "src", "{0C8D80E6-1CA0-4988-AA90-C24C7E48B6F2}"
EndProject
Project("{2150E333-8FDC-42A3-9474-1A3956D46DE8}") = "Common", "Common", "{F5DED433-FBC9-4A2E-A12D-203C0C2391BE}"
EndProject
Project("{2150E333-8FDC-42A3-9474-1A3956D46DE8}") = "Gateway", "Gateway", "{9A332DCD-23F5-400C-855E-E96459F93A57}"
EndProject
Project("{2150E333-8FDC-42A3-9474-1A3956D46DE8}") = "Services", "Services", "{A2C63B6C-0F60-4DFA-8E5B-3FC2F8A797C5}"
EndProject
Project("{2150E333-8FDC-42A3-9474-1A3956D46DE8}") = "Shared", "Shared", "{822FC100-BC07-4091-8253-7ADC02554865}"
EndProject
Project("{2150E333-8FDC-42A3-9474-1A3956D46DE8}") = "Persistence", "Persistence", "{86C8CD42-6D35-4E04-8655-67DBE206E8FF}"
EndProject
Project("{FAE04EC0-301F-11D3-BF4B-00C04F79EFBC}") = "Project.Gateway", "src\Gateway\Project.Gateway\Project.Gateway.csproj", "{1B3E62A8-6C06-4530-B266-E9676D41CE36}"
EndProject
Project("{FAE04EC0-301F-11D3-BF4B-00C04F79EFBC}") = "Project.Shared", "src\Shared\Project.Shared\Project.Shared.csproj", "{53DA1D9A-485D-48D1-96EA-F22ECED1EE2B}"
EndProject
Project("{FAE04EC0-301F-11D3-BF4B-00C04F79EFBC}") = "Project.Helpers", "src\Common\Project.Helpers\Project.Helpers.csproj", "{2735CC47-932E-4126-843F-8D7F454D5A40}"
EndProject
Project("{2150E333-8FDC-42A3-9474-1A3956D46DE8}") = "Auth", "Auth", "{4FB00BFE-AD6B-40BE-AFD8-5CD8DB6EA706}"
EndProject
Project("{FAE04EC0-301F-11D3-BF4B-00C04F79EFBC}") = "Project.Auth.Api", "src\Services\Auth\Project.Auth.Api\Project.Auth.Api.csproj", "{D1C0F0C6-30ED-4FFC-BFC0-14CBDABAB8BF}"
EndProject
Project("{FAE04EC0-301F-11D3-BF4B-00C04F79EFBC}") = "Project.Auth.Application", "src\Services\Auth\Project.Auth.Application\Project.Auth.Application.csproj", "{96E75AD4-DF67-45A8-8858-A66F5CCD8CE0}"
EndProject
Project("{FAE04EC0-301F-11D3-BF4B-00C04F79EFBC}") = "Project.Auth.Domain", "src\Services\Auth\Project.Auth.Domain\Project.Auth.Domain.csproj", "{D903B58A-0C12-40F3-AB56-527E914A73F7}"
EndProject
Project("{FAE04EC0-301F-11D3-BF4B-00C04F79EFBC}") = "Project.Auth.Infrastructure", "src\Services\Auth\Project.Auth.Infrastructure\Project.Auth.Infrastructure.csproj", "{C289B55E-76FD-4A14-A120-9DD87A85EEB8}"
EndProject
Project("{FAE04EC0-301F-11D3-BF4B-00C04F79EFBC}") = "Project.Firebase.Repository", "src\Persistence\Project.Firebase.Repository\Project.Firebase.Repository.csproj", "{A5AC9FD3-4A46-4454-BCF6-1B52C0A1F1DB}"
EndProject
Project("{FAE04EC0-301F-11D3-BF4B-00C04F79EFBC}") = "Project.Extensions", "src\Common\Project.Extensions\Project.Extensions.csproj", "{2A5429AA-B1CC-4DE5-8879-752E1831A14F}"
EndProject
Project("{FAE04EC0-301F-11D3-BF4B-00C04F79EFBC}") = "Project.Validation", "src\Common\Project.Validation\Project.Validation.csproj", "{7E9675F5-ED71-4F5B-90BB-5B5E031C754B}"
EndProject
Global
	GlobalSection(SolutionConfigurationPlatforms) = preSolution
		Debug|Any CPU = Debug|Any CPU
		Release|Any CPU = Release|Any CPU
	EndGlobalSection
	GlobalSection(ProjectConfigurationPlatforms) = postSolution
		{1B3E62A8-6C06-4530-B266-E9676D41CE36}.Debug|Any CPU.ActiveCfg = Debug|Any CPU
		{1B3E62A8-6C06-4530-B266-E9676D41CE36}.Debug|Any CPU.Build.0 = Debug|Any CPU
		{1B3E62A8-6C06-4530-B266-E9676D41CE36}.Release|Any CPU.ActiveCfg = Release|Any CPU
		{1B3E62A8-6C06-4530-B266-E9676D41CE36}.Release|Any CPU.Build.0 = Release|Any CPU
		{53DA1D9A-485D-48D1-96EA-F22ECED1EE2B}.Debug|Any CPU.ActiveCfg = Debug|Any CPU
		{53DA1D9A-485D-48D1-96EA-F22ECED1EE2B}.Debug|Any CPU.Build.0 = Debug|Any CPU
		{53DA1D9A-485D-48D1-96EA-F22ECED1EE2B}.Release|Any CPU.ActiveCfg = Release|Any CPU
		{53DA1D9A-485D-48D1-96EA-F22ECED1EE2B}.Release|Any CPU.Build.0 = Release|Any CPU
		{2735CC47-932E-4126-843F-8D7F454D5A40}.Debug|Any CPU.ActiveCfg = Debug|Any CPU
		{2735CC47-932E-4126-843F-8D7F454D5A40}.Debug|Any CPU.Build.0 = Debug|Any CPU
		{2735CC47-932E-4126-843F-8D7F454D5A40}.Release|Any CPU.ActiveCfg = Release|Any CPU
		{2735CC47-932E-4126-843F-8D7F454D5A40}.Release|Any CPU.Build.0 = Release|Any CPU
		{D1C0F0C6-30ED-4FFC-BFC0-14CBDABAB8BF}.Debug|Any CPU.ActiveCfg = Debug|Any CPU
		{D1C0F0C6-30ED-4FFC-BFC0-14CBDABAB8BF}.Debug|Any CPU.Build.0 = Debug|Any CPU
		{D1C0F0C6-30ED-4FFC-BFC0-14CBDABAB8BF}.Release|Any CPU.ActiveCfg = Release|Any CPU
		{D1C0F0C6-30ED-4FFC-BFC0-14CBDABAB8BF}.Release|Any CPU.Build.0 = Release|Any CPU
		{96E75AD4-DF67-45A8-8858-A66F5CCD8CE0}.Debug|Any CPU.ActiveCfg = Debug|Any CPU
		{96E75AD4-DF67-45A8-8858-A66F5CCD8CE0}.Debug|Any CPU.Build.0 = Debug|Any CPU
		{96E75AD4-DF67-45A8-8858-A66F5CCD8CE0}.Release|Any CPU.ActiveCfg = Release|Any CPU
		{96E75AD4-DF67-45A8-8858-A66F5CCD8CE0}.Release|Any CPU.Build.0 = Release|Any CPU
		{D903B58A-0C12-40F3-AB56-527E914A73F7}.Debug|Any CPU.ActiveCfg = Debug|Any CPU
		{D903B58A-0C12-40F3-AB56-527E914A73F7}.Debug|Any CPU.Build.0 = Debug|Any CPU
		{D903B58A-0C12-40F3-AB56-527E914A73F7}.Release|Any CPU.ActiveCfg = Release|Any CPU
		{D903B58A-0C12-40F3-AB56-527E914A73F7}.Release|Any CPU.Build.0 = Release|Any CPU
		{C289B55E-76FD-4A14-A120-9DD87A85EEB8}.Debug|Any CPU.ActiveCfg = Debug|Any CPU
		{C289B55E-76FD-4A14-A120-9DD87A85EEB8}.Debug|Any CPU.Build.0 = Debug|Any CPU
		{C289B55E-76FD-4A14-A120-9DD87A85EEB8}.Release|Any CPU.ActiveCfg = Release|Any CPU
		{C289B55E-76FD-4A14-A120-9DD87A85EEB8}.Release|Any CPU.Build.0 = Release|Any CPU
		{A5AC9FD3-4A46-4454-BCF6-1B52C0A1F1DB}.Debug|Any CPU.ActiveCfg = Debug|Any CPU
		{A5AC9FD3-4A46-4454-BCF6-1B52C0A1F1DB}.Debug|Any CPU.Build.0 = Debug|Any CPU
		{A5AC9FD3-4A46-4454-BCF6-1B52C0A1F1DB}.Release|Any CPU.ActiveCfg = Release|Any CPU
		{A5AC9FD3-4A46-4454-BCF6-1B52C0A1F1DB}.Release|Any CPU.Build.0 = Release|Any CPU
		{2A5429AA-B1CC-4DE5-8879-752E1831A14F}.Debug|Any CPU.ActiveCfg = Debug|Any CPU
		{2A5429AA-B1CC-4DE5-8879-752E1831A14F}.Debug|Any CPU.Build.0 = Debug|Any CPU
		{2A5429AA-B1CC-4DE5-8879-752E1831A14F}.Release|Any CPU.ActiveCfg = Release|Any CPU
		{2A5429AA-B1CC-4DE5-8879-752E1831A14F}.Release|Any CPU.Build.0 = Release|Any CPU
		{7E9675F5-ED71-4F5B-90BB-5B5E031C754B}.Debug|Any CPU.ActiveCfg = Debug|Any CPU
		{7E9675F5-ED71-4F5B-90BB-5B5E031C754B}.Debug|Any CPU.Build.0 = Debug|Any CPU
		{7E9675F5-ED71-4F5B-90BB-5B5E031C754B}.Release|Any CPU.ActiveCfg = Release|Any CPU
		{7E9675F5-ED71-4F5B-90BB-5B5E031C754B}.Release|Any CPU.Build.0 = Release|Any CPU
	EndGlobalSection
	GlobalSection(SolutionProperties) = preSolution
		HideSolutionNode = FALSE
	EndGlobalSection
	GlobalSection(NestedProjects) = preSolution
		{F5DED433-FBC9-4A2E-A12D-203C0C2391BE} = {0C8D80E6-1CA0-4988-AA90-C24C7E48B6F2}
		{9A332DCD-23F5-400C-855E-E96459F93A57} = {0C8D80E6-1CA0-4988-AA90-C24C7E48B6F2}
		{A2C63B6C-0F60-4DFA-8E5B-3FC2F8A797C5} = {0C8D80E6-1CA0-4988-AA90-C24C7E48B6F2}
		{822FC100-BC07-4091-8253-7ADC02554865} = {0C8D80E6-1CA0-4988-AA90-C24C7E48B6F2}
		{86C8CD42-6D35-4E04-8655-67DBE206E8FF} = {0C8D80E6-1CA0-4988-AA90-C24C7E48B6F2}
		{1B3E62A8-6C06-4530-B266-E9676D41CE36} = {9A332DCD-23F5-400C-855E-E96459F93A57}
		{53DA1D9A-485D-48D1-96EA-F22ECED1EE2B} = {822FC100-BC07-4091-8253-7ADC02554865}
		{2735CC47-932E-4126-843F-8D7F454D5A40} = {F5DED433-FBC9-4A2E-A12D-203C0C2391BE}
		{4FB00BFE-AD6B-40BE-AFD8-5CD8DB6EA706} = {A2C63B6C-0F60-4DFA-8E5B-3FC2F8A797C5}
		{D1C0F0C6-30ED-4FFC-BFC0-14CBDABAB8BF} = {4FB00BFE-AD6B-40BE-AFD8-5CD8DB6EA706}
		{96E75AD4-DF67-45A8-8858-A66F5CCD8CE0} = {4FB00BFE-AD6B-40BE-AFD8-5CD8DB6EA706}
		{D903B58A-0C12-40F3-AB56-527E914A73F7} = {4FB00BFE-AD6B-40BE-AFD8-5CD8DB6EA706}
		{C289B55E-76FD-4A14-A120-9DD87A85EEB8} = {4FB00BFE-AD6B-40BE-AFD8-5CD8DB6EA706}
		{A5AC9FD3-4A46-4454-BCF6-1B52C0A1F1DB} = {86C8CD42-6D35-4E04-8655-67DBE206E8FF}
		{2A5429AA-B1CC-4DE5-8879-752E1831A14F} = {F5DED433-FBC9-4A2E-A12D-203C0C2391BE}
		{7E9675F5-ED71-4F5B-90BB-5B5E031C754B} = {F5DED433-FBC9-4A2E-A12D-203C0C2391BE}
	EndGlobalSection
	GlobalSection(ExtensibilityGlobals) = postSolution
		SolutionGuid = {3DA4CCC3-B31C-4694-A261-2AE1D17A7EDD}
	EndGlobalSection
EndGlobal
